
Microsoft Visual Studio Solution File, Format Version 12.00
# Visual Studio 15
VisualStudioVersion = 15.0.26228.12
MinimumVisualStudioVersion = 10.0.40219.1
Project("{9A19103F-16F7-4668-BE54-9A1E7A4F7556}") = "Cocktails.Api", "Cocktails.Api\Cocktails.Api.csproj", "{A657ACA1-3AD4-456E-9494-23A4902B0CE5}"
EndProject
Project("{9A19103F-16F7-4668-BE54-9A1E7A4F7556}") = "Cocktails.Data.Domain", "Cocktails.Data.Domain\Cocktails.Data.Domain.csproj", "{0A77F33F-41A2-49C7-92CF-9033189D47AD}"
EndProject
Project("{9A19103F-16F7-4668-BE54-9A1E7A4F7556}") = "Cocktails.Data.EntityFramework", "Cocktails.Data.EntityFramework\Cocktails.Data.EntityFramework.csproj", "{AF518219-33E3-44FE-AA97-2F5AB1B32A81}"
EndProject
Project("{FAE04EC0-301F-11D3-BF4B-00C04F79EFBC}") = "Cocktails.Services", "Cocktails.Services\Cocktails.Services.csproj", "{17F225A0-C2EC-4C87-99B3-8C722759A62D}"
EndProject
Project("{FAE04EC0-301F-11D3-BF4B-00C04F79EFBC}") = "Cocktails.Common", "Cocktails.Common\Cocktails.Common.csproj", "{077E7415-F0A5-43EE-B8C5-5CA1BDE61C3C}"
EndProject
Global
	GlobalSection(SolutionConfigurationPlatforms) = preSolution
		Debug|Any CPU = Debug|Any CPU
		Release|Any CPU = Release|Any CPU
	EndGlobalSection
	GlobalSection(ProjectConfigurationPlatforms) = postSolution
		{A657ACA1-3AD4-456E-9494-23A4902B0CE5}.Debug|Any CPU.ActiveCfg = Debug|Any CPU
		{A657ACA1-3AD4-456E-9494-23A4902B0CE5}.Debug|Any CPU.Build.0 = Debug|Any CPU
		{A657ACA1-3AD4-456E-9494-23A4902B0CE5}.Release|Any CPU.ActiveCfg = Release|Any CPU
		{A657ACA1-3AD4-456E-9494-23A4902B0CE5}.Release|Any CPU.Build.0 = Release|Any CPU
		{0A77F33F-41A2-49C7-92CF-9033189D47AD}.Debug|Any CPU.ActiveCfg = Debug|Any CPU
		{0A77F33F-41A2-49C7-92CF-9033189D47AD}.Debug|Any CPU.Build.0 = Debug|Any CPU
		{0A77F33F-41A2-49C7-92CF-9033189D47AD}.Release|Any CPU.ActiveCfg = Release|Any CPU
		{0A77F33F-41A2-49C7-92CF-9033189D47AD}.Release|Any CPU.Build.0 = Release|Any CPU
		{AF518219-33E3-44FE-AA97-2F5AB1B32A81}.Debug|Any CPU.ActiveCfg = Debug|Any CPU
		{AF518219-33E3-44FE-AA97-2F5AB1B32A81}.Debug|Any CPU.Build.0 = Debug|Any CPU
		{AF518219-33E3-44FE-AA97-2F5AB1B32A81}.Release|Any CPU.ActiveCfg = Release|Any CPU
		{AF518219-33E3-44FE-AA97-2F5AB1B32A81}.Release|Any CPU.Build.0 = Release|Any CPU
		{17F225A0-C2EC-4C87-99B3-8C722759A62D}.Debug|Any CPU.ActiveCfg = Debug|Any CPU
		{17F225A0-C2EC-4C87-99B3-8C722759A62D}.Debug|Any CPU.Build.0 = Debug|Any CPU
		{17F225A0-C2EC-4C87-99B3-8C722759A62D}.Release|Any CPU.ActiveCfg = Release|Any CPU
		{17F225A0-C2EC-4C87-99B3-8C722759A62D}.Release|Any CPU.Build.0 = Release|Any CPU
		{077E7415-F0A5-43EE-B8C5-5CA1BDE61C3C}.Debug|Any CPU.ActiveCfg = Debug|Any CPU
		{077E7415-F0A5-43EE-B8C5-5CA1BDE61C3C}.Debug|Any CPU.Build.0 = Debug|Any CPU
		{077E7415-F0A5-43EE-B8C5-5CA1BDE61C3C}.Release|Any CPU.ActiveCfg = Release|Any CPU
		{077E7415-F0A5-43EE-B8C5-5CA1BDE61C3C}.Release|Any CPU.Build.0 = Release|Any CPU
	EndGlobalSection
	GlobalSection(SolutionProperties) = preSolution
		HideSolutionNode = FALSE
	EndGlobalSection
EndGlobal
